
Microsoft Visual Studio Solution File, Format Version 12.00
# Visual Studio Version 17
VisualStudioVersion = 17.7.33808.371
MinimumVisualStudioVersion = 10.0.40219.1
Project("{2150E333-8FDC-42A3-9474-1A3956D46DE8}") = "Platforms", "Platforms", "{C4ACC57C-B5FE-43E0-862B-C8091E76D079}"
EndProject
Project("{9A19103F-16F7-4668-BE54-9A1E7A4F7556}") = "TerritoryDefence.UI.Shared", "TerritoryDefence.UI.Shared\TerritoryDefence.UI.Shared.csproj", "{706A1F2E-198F-4A8D-9E93-CB23DCDBA6ED}"
EndProject
Project("{9A19103F-16F7-4668-BE54-9A1E7A4F7556}") = "TerritoryDefence.UI.Windows", "TerritoryDefence.UI.Windows\TerritoryDefence.UI.Windows.csproj", "{E01F426A-F632-4CB6-9B31-4C7EED96C0EB}"
EndProject
Project("{9A19103F-16F7-4668-BE54-9A1E7A4F7556}") = "TerritoryDefence.UI.Mobile", "TerritoryDefence.UI.Mobile\TerritoryDefence.UI.Mobile.csproj", "{F9C0F42F-4E29-46F8-AE31-586A74C5CF92}"
EndProject
Project("{9A19103F-16F7-4668-BE54-9A1E7A4F7556}") = "TerritoryDefence.UI.Skia.Gtk", "TerritoryDefence.UI.Skia.Gtk\TerritoryDefence.UI.Skia.Gtk.csproj", "{5C6D0CA9-5B3E-46BE-A6E1-F70DDB9B36A7}"
EndProject
Project("{9A19103F-16F7-4668-BE54-9A1E7A4F7556}") = "TerritoryDefence.UI.Skia.Linux.FrameBuffer", "TerritoryDefence.UI.Skia.Linux.FrameBuffer\TerritoryDefence.UI.Skia.Linux.FrameBuffer.csproj", "{EDD4072F-5E4C-4EE9-A90F-943679C8483A}"
EndProject
Project("{9A19103F-16F7-4668-BE54-9A1E7A4F7556}") = "TerritoryDefence.UI.Skia.WPF", "TerritoryDefence.UI.Skia.WPF\TerritoryDefence.UI.Skia.WPF.csproj", "{6D3A9C44-AB72-44FB-9EE1-CF5838733D0C}"
EndProject
Project("{9A19103F-16F7-4668-BE54-9A1E7A4F7556}") = "TerritoryDefence.UI.Wasm", "TerritoryDefence.UI.Wasm\TerritoryDefence.UI.Wasm.csproj", "{73322381-332C-44EB-9B9C-A0A712576278}"
EndProject
Global
	GlobalSection(SolutionConfigurationPlatforms) = preSolution
		Debug|Any CPU = Debug|Any CPU
		Debug|arm64 = Debug|arm64
		Debug|x64 = Debug|x64
		Debug|x86 = Debug|x86
		Release|Any CPU = Release|Any CPU
		Release|arm64 = Release|arm64
		Release|x64 = Release|x64
		Release|x86 = Release|x86
	EndGlobalSection
	GlobalSection(ProjectConfigurationPlatforms) = postSolution
		{706A1F2E-198F-4A8D-9E93-CB23DCDBA6ED}.Debug|Any CPU.ActiveCfg = Debug|Any CPU
		{706A1F2E-198F-4A8D-9E93-CB23DCDBA6ED}.Debug|Any CPU.Build.0 = Debug|Any CPU
		{706A1F2E-198F-4A8D-9E93-CB23DCDBA6ED}.Debug|arm64.ActiveCfg = Debug|Any CPU
		{706A1F2E-198F-4A8D-9E93-CB23DCDBA6ED}.Debug|arm64.Build.0 = Debug|Any CPU
		{706A1F2E-198F-4A8D-9E93-CB23DCDBA6ED}.Debug|x64.ActiveCfg = Debug|Any CPU
		{706A1F2E-198F-4A8D-9E93-CB23DCDBA6ED}.Debug|x64.Build.0 = Debug|Any CPU
		{706A1F2E-198F-4A8D-9E93-CB23DCDBA6ED}.Debug|x86.ActiveCfg = Debug|Any CPU
		{706A1F2E-198F-4A8D-9E93-CB23DCDBA6ED}.Debug|x86.Build.0 = Debug|Any CPU
		{706A1F2E-198F-4A8D-9E93-CB23DCDBA6ED}.Release|Any CPU.ActiveCfg = Release|Any CPU
		{706A1F2E-198F-4A8D-9E93-CB23DCDBA6ED}.Release|Any CPU.Build.0 = Release|Any CPU
		{706A1F2E-198F-4A8D-9E93-CB23DCDBA6ED}.Release|arm64.ActiveCfg = Release|Any CPU
		{706A1F2E-198F-4A8D-9E93-CB23DCDBA6ED}.Release|arm64.Build.0 = Release|Any CPU
		{706A1F2E-198F-4A8D-9E93-CB23DCDBA6ED}.Release|x64.ActiveCfg = Release|Any CPU
		{706A1F2E-198F-4A8D-9E93-CB23DCDBA6ED}.Release|x64.Build.0 = Release|Any CPU
		{706A1F2E-198F-4A8D-9E93-CB23DCDBA6ED}.Release|x86.ActiveCfg = Release|Any CPU
		{706A1F2E-198F-4A8D-9E93-CB23DCDBA6ED}.Release|x86.Build.0 = Release|Any CPU
		
		{E01F426A-F632-4CB6-9B31-4C7EED96C0EB}.Debug|Any CPU.ActiveCfg = Debug|x64
		{E01F426A-F632-4CB6-9B31-4C7EED96C0EB}.Debug|Any CPU.Build.0 = Debug|x64
		{E01F426A-F632-4CB6-9B31-4C7EED96C0EB}.Debug|Any CPU.Deploy.0 = Debug|x64
		{E01F426A-F632-4CB6-9B31-4C7EED96C0EB}.Debug|arm64.ActiveCfg = Debug|arm64
		{E01F426A-F632-4CB6-9B31-4C7EED96C0EB}.Debug|arm64.Build.0 = Debug|arm64
		{E01F426A-F632-4CB6-9B31-4C7EED96C0EB}.Debug|arm64.Deploy.0 = Debug|arm64
		{E01F426A-F632-4CB6-9B31-4C7EED96C0EB}.Debug|x64.ActiveCfg = Debug|x64
		{E01F426A-F632-4CB6-9B31-4C7EED96C0EB}.Debug|x64.Build.0 = Debug|x64
		{E01F426A-F632-4CB6-9B31-4C7EED96C0EB}.Debug|x64.Deploy.0 = Debug|x64
		{E01F426A-F632-4CB6-9B31-4C7EED96C0EB}.Debug|x86.ActiveCfg = Debug|x86
		{E01F426A-F632-4CB6-9B31-4C7EED96C0EB}.Debug|x86.Build.0 = Debug|x86
		{E01F426A-F632-4CB6-9B31-4C7EED96C0EB}.Debug|x86.Deploy.0 = Debug|x86
		{E01F426A-F632-4CB6-9B31-4C7EED96C0EB}.Release|Any CPU.ActiveCfg = Release|x64
		{E01F426A-F632-4CB6-9B31-4C7EED96C0EB}.Release|Any CPU.Build.0 = Release|x64
		{E01F426A-F632-4CB6-9B31-4C7EED96C0EB}.Release|Any CPU.Deploy.0 = Release|x64
		{E01F426A-F632-4CB6-9B31-4C7EED96C0EB}.Release|arm64.ActiveCfg = Release|arm64
		{E01F426A-F632-4CB6-9B31-4C7EED96C0EB}.Release|arm64.Build.0 = Release|arm64
		{E01F426A-F632-4CB6-9B31-4C7EED96C0EB}.Release|arm64.Deploy.0 = Release|arm64
		{E01F426A-F632-4CB6-9B31-4C7EED96C0EB}.Release|x64.ActiveCfg = Release|x64
		{E01F426A-F632-4CB6-9B31-4C7EED96C0EB}.Release|x64.Build.0 = Release|x64
		{E01F426A-F632-4CB6-9B31-4C7EED96C0EB}.Release|x64.Deploy.0 = Release|x64
		{E01F426A-F632-4CB6-9B31-4C7EED96C0EB}.Release|x86.ActiveCfg = Release|x86
		{E01F426A-F632-4CB6-9B31-4C7EED96C0EB}.Release|x86.Build.0 = Release|x86
		{E01F426A-F632-4CB6-9B31-4C7EED96C0EB}.Release|x86.Deploy.0 = Release|x86		
		
		{F9C0F42F-4E29-46F8-AE31-586A74C5CF92}.Debug|Any CPU.ActiveCfg = Debug|Any CPU
		{F9C0F42F-4E29-46F8-AE31-586A74C5CF92}.Debug|Any CPU.Build.0 = Debug|Any CPU
		{F9C0F42F-4E29-46F8-AE31-586A74C5CF92}.Debug|arm64.ActiveCfg = Debug|Any CPU
		{F9C0F42F-4E29-46F8-AE31-586A74C5CF92}.Debug|arm64.Build.0 = Debug|Any CPU
		{F9C0F42F-4E29-46F8-AE31-586A74C5CF92}.Debug|x64.ActiveCfg = Debug|Any CPU
		{F9C0F42F-4E29-46F8-AE31-586A74C5CF92}.Debug|x64.Build.0 = Debug|Any CPU
		{F9C0F42F-4E29-46F8-AE31-586A74C5CF92}.Debug|x86.ActiveCfg = Debug|Any CPU
		{F9C0F42F-4E29-46F8-AE31-586A74C5CF92}.Debug|x86.Build.0 = Debug|Any CPU
		{F9C0F42F-4E29-46F8-AE31-586A74C5CF92}.Release|Any CPU.ActiveCfg = Release|Any CPU
		{F9C0F42F-4E29-46F8-AE31-586A74C5CF92}.Release|Any CPU.Build.0 = Release|Any CPU
		{F9C0F42F-4E29-46F8-AE31-586A74C5CF92}.Release|arm64.ActiveCfg = Release|Any CPU
		{F9C0F42F-4E29-46F8-AE31-586A74C5CF92}.Release|arm64.Build.0 = Release|Any CPU
		{F9C0F42F-4E29-46F8-AE31-586A74C5CF92}.Release|x64.ActiveCfg = Release|Any CPU
		{F9C0F42F-4E29-46F8-AE31-586A74C5CF92}.Release|x64.Build.0 = Release|Any CPU
		{F9C0F42F-4E29-46F8-AE31-586A74C5CF92}.Release|x86.ActiveCfg = Release|Any CPU
		{F9C0F42F-4E29-46F8-AE31-586A74C5CF92}.Release|x86.Build.0 = Release|Any CPU
		{5C6D0CA9-5B3E-46BE-A6E1-F70DDB9B36A7}.Debug|Any CPU.ActiveCfg = Debug|Any CPU
		{5C6D0CA9-5B3E-46BE-A6E1-F70DDB9B36A7}.Debug|Any CPU.Build.0 = Debug|Any CPU
		{5C6D0CA9-5B3E-46BE-A6E1-F70DDB9B36A7}.Debug|arm64.ActiveCfg = Debug|Any CPU
		{5C6D0CA9-5B3E-46BE-A6E1-F70DDB9B36A7}.Debug|arm64.Build.0 = Debug|Any CPU
		{5C6D0CA9-5B3E-46BE-A6E1-F70DDB9B36A7}.Debug|x64.ActiveCfg = Debug|Any CPU
		{5C6D0CA9-5B3E-46BE-A6E1-F70DDB9B36A7}.Debug|x64.Build.0 = Debug|Any CPU
		{5C6D0CA9-5B3E-46BE-A6E1-F70DDB9B36A7}.Debug|x86.ActiveCfg = Debug|Any CPU
		{5C6D0CA9-5B3E-46BE-A6E1-F70DDB9B36A7}.Debug|x86.Build.0 = Debug|Any CPU
		{5C6D0CA9-5B3E-46BE-A6E1-F70DDB9B36A7}.Release|Any CPU.ActiveCfg = Release|Any CPU
		{5C6D0CA9-5B3E-46BE-A6E1-F70DDB9B36A7}.Release|Any CPU.Build.0 = Release|Any CPU
		{5C6D0CA9-5B3E-46BE-A6E1-F70DDB9B36A7}.Release|arm64.ActiveCfg = Release|Any CPU
		{5C6D0CA9-5B3E-46BE-A6E1-F70DDB9B36A7}.Release|arm64.Build.0 = Release|Any CPU
		{5C6D0CA9-5B3E-46BE-A6E1-F70DDB9B36A7}.Release|x64.ActiveCfg = Release|Any CPU
		{5C6D0CA9-5B3E-46BE-A6E1-F70DDB9B36A7}.Release|x64.Build.0 = Release|Any CPU
		{5C6D0CA9-5B3E-46BE-A6E1-F70DDB9B36A7}.Release|x86.ActiveCfg = Release|Any CPU
		{5C6D0CA9-5B3E-46BE-A6E1-F70DDB9B36A7}.Release|x86.Build.0 = Release|Any CPU
		{EDD4072F-5E4C-4EE9-A90F-943679C8483A}.Debug|Any CPU.ActiveCfg = Debug|Any CPU
		{EDD4072F-5E4C-4EE9-A90F-943679C8483A}.Debug|Any CPU.Build.0 = Debug|Any CPU
		{EDD4072F-5E4C-4EE9-A90F-943679C8483A}.Debug|arm64.ActiveCfg = Debug|Any CPU
		{EDD4072F-5E4C-4EE9-A90F-943679C8483A}.Debug|arm64.Build.0 = Debug|Any CPU
		{EDD4072F-5E4C-4EE9-A90F-943679C8483A}.Debug|x64.ActiveCfg = Debug|Any CPU
		{EDD4072F-5E4C-4EE9-A90F-943679C8483A}.Debug|x64.Build.0 = Debug|Any CPU
		{EDD4072F-5E4C-4EE9-A90F-943679C8483A}.Debug|x86.ActiveCfg = Debug|Any CPU
		{EDD4072F-5E4C-4EE9-A90F-943679C8483A}.Debug|x86.Build.0 = Debug|Any CPU
		{EDD4072F-5E4C-4EE9-A90F-943679C8483A}.Release|Any CPU.ActiveCfg = Release|Any CPU
		{EDD4072F-5E4C-4EE9-A90F-943679C8483A}.Release|Any CPU.Build.0 = Release|Any CPU
		{EDD4072F-5E4C-4EE9-A90F-943679C8483A}.Release|arm64.ActiveCfg = Release|Any CPU
		{EDD4072F-5E4C-4EE9-A90F-943679C8483A}.Release|arm64.Build.0 = Release|Any CPU
		{EDD4072F-5E4C-4EE9-A90F-943679C8483A}.Release|x64.ActiveCfg = Release|Any CPU
		{EDD4072F-5E4C-4EE9-A90F-943679C8483A}.Release|x64.Build.0 = Release|Any CPU
		{EDD4072F-5E4C-4EE9-A90F-943679C8483A}.Release|x86.ActiveCfg = Release|Any CPU
		{EDD4072F-5E4C-4EE9-A90F-943679C8483A}.Release|x86.Build.0 = Release|Any CPU
		{6D3A9C44-AB72-44FB-9EE1-CF5838733D0C}.Debug|Any CPU.ActiveCfg = Debug|Any CPU
		{6D3A9C44-AB72-44FB-9EE1-CF5838733D0C}.Debug|Any CPU.Build.0 = Debug|Any CPU
		{6D3A9C44-AB72-44FB-9EE1-CF5838733D0C}.Debug|arm64.ActiveCfg = Debug|Any CPU
		{6D3A9C44-AB72-44FB-9EE1-CF5838733D0C}.Debug|arm64.Build.0 = Debug|Any CPU
		{6D3A9C44-AB72-44FB-9EE1-CF5838733D0C}.Debug|x64.ActiveCfg = Debug|Any CPU
		{6D3A9C44-AB72-44FB-9EE1-CF5838733D0C}.Debug|x64.Build.0 = Debug|Any CPU
		{6D3A9C44-AB72-44FB-9EE1-CF5838733D0C}.Debug|x86.ActiveCfg = Debug|Any CPU
		{6D3A9C44-AB72-44FB-9EE1-CF5838733D0C}.Debug|x86.Build.0 = Debug|Any CPU
		{6D3A9C44-AB72-44FB-9EE1-CF5838733D0C}.Release|Any CPU.ActiveCfg = Release|Any CPU
		{6D3A9C44-AB72-44FB-9EE1-CF5838733D0C}.Release|Any CPU.Build.0 = Release|Any CPU
		{6D3A9C44-AB72-44FB-9EE1-CF5838733D0C}.Release|arm64.ActiveCfg = Release|Any CPU
		{6D3A9C44-AB72-44FB-9EE1-CF5838733D0C}.Release|arm64.Build.0 = Release|Any CPU
		{6D3A9C44-AB72-44FB-9EE1-CF5838733D0C}.Release|x64.ActiveCfg = Release|Any CPU
		{6D3A9C44-AB72-44FB-9EE1-CF5838733D0C}.Release|x64.Build.0 = Release|Any CPU
		{6D3A9C44-AB72-44FB-9EE1-CF5838733D0C}.Release|x86.ActiveCfg = Release|Any CPU
		{6D3A9C44-AB72-44FB-9EE1-CF5838733D0C}.Release|x86.Build.0 = Release|Any CPU
		{73322381-332C-44EB-9B9C-A0A712576278}.Debug|Any CPU.ActiveCfg = Debug|Any CPU
		{73322381-332C-44EB-9B9C-A0A712576278}.Debug|Any CPU.Build.0 = Debug|Any CPU
		{73322381-332C-44EB-9B9C-A0A712576278}.Debug|arm64.ActiveCfg = Debug|Any CPU
		{73322381-332C-44EB-9B9C-A0A712576278}.Debug|arm64.Build.0 = Debug|Any CPU
		{73322381-332C-44EB-9B9C-A0A712576278}.Debug|x64.ActiveCfg = Debug|Any CPU
		{73322381-332C-44EB-9B9C-A0A712576278}.Debug|x64.Build.0 = Debug|Any CPU
		{73322381-332C-44EB-9B9C-A0A712576278}.Debug|x86.ActiveCfg = Debug|Any CPU
		{73322381-332C-44EB-9B9C-A0A712576278}.Debug|x86.Build.0 = Debug|Any CPU
		{73322381-332C-44EB-9B9C-A0A712576278}.Release|Any CPU.ActiveCfg = Release|Any CPU
		{73322381-332C-44EB-9B9C-A0A712576278}.Release|Any CPU.Build.0 = Release|Any CPU
		{73322381-332C-44EB-9B9C-A0A712576278}.Release|arm64.ActiveCfg = Release|Any CPU
		{73322381-332C-44EB-9B9C-A0A712576278}.Release|arm64.Build.0 = Release|Any CPU
		{73322381-332C-44EB-9B9C-A0A712576278}.Release|x64.ActiveCfg = Release|Any CPU
		{73322381-332C-44EB-9B9C-A0A712576278}.Release|x64.Build.0 = Release|Any CPU
		{73322381-332C-44EB-9B9C-A0A712576278}.Release|x86.ActiveCfg = Release|Any CPU
		{73322381-332C-44EB-9B9C-A0A712576278}.Release|x86.Build.0 = Release|Any CPU
	EndGlobalSection
	GlobalSection(SolutionProperties) = preSolution
		HideSolutionNode = FALSE
	EndGlobalSection
	GlobalSection(NestedProjects) = preSolution
		{E01F426A-F632-4CB6-9B31-4C7EED96C0EB} = {C4ACC57C-B5FE-43E0-862B-C8091E76D079}
		{F9C0F42F-4E29-46F8-AE31-586A74C5CF92} = {C4ACC57C-B5FE-43E0-862B-C8091E76D079}
		{5C6D0CA9-5B3E-46BE-A6E1-F70DDB9B36A7} = {C4ACC57C-B5FE-43E0-862B-C8091E76D079}
		{EDD4072F-5E4C-4EE9-A90F-943679C8483A} = {C4ACC57C-B5FE-43E0-862B-C8091E76D079}
		{6D3A9C44-AB72-44FB-9EE1-CF5838733D0C} = {C4ACC57C-B5FE-43E0-862B-C8091E76D079}
		{73322381-332C-44EB-9B9C-A0A712576278} = {C4ACC57C-B5FE-43E0-862B-C8091E76D079}
	EndGlobalSection
	GlobalSection(ExtensibilityGlobals) = postSolution
		SolutionGuid = {925CC2D9-D9C9-4CBE-AEBB-AFA759F1CF5E}
	EndGlobalSection
EndGlobal
