
Microsoft Visual Studio Solution File, Format Version 12.00
# Visual Studio Version 17
VisualStudioVersion = 17.7.33808.371
MinimumVisualStudioVersion = 10.0.40219.1
Project("{2150E333-8FDC-42A3-9474-1A3956D46DE8}") = "Source", "Source", "{B2B43B0E-B80D-4CAE-8E50-65DAAB75F1A2}"
EndProject
Project("{2150E333-8FDC-42A3-9474-1A3956D46DE8}") = "Platforms", "Platforms", "{C4ACC57C-B5FE-43E0-862B-C8091E76D079}"
EndProject
Project("{9A19103F-16F7-4668-BE54-9A1E7A4F7556}") = "TerritoryDefence", "TerritoryDefence\TerritoryDefence.csproj", "{04A23A93-55B9-43B6-BB6B-8F899B14DD9D}"
EndProject
Project("{9A19103F-16F7-4668-BE54-9A1E7A4F7556}") = "TerritoryDefence.Mobile", "TerritoryDefence.Mobile\TerritoryDefence.Mobile.csproj", "{46F4AA25-E850-4850-9F92-8E9CAF89BC99}"
EndProject
Project("{9A19103F-16F7-4668-BE54-9A1E7A4F7556}") = "TerritoryDefence.Windows", "TerritoryDefence.Windows\TerritoryDefence.Windows.csproj", "{DBB366ED-CCD0-4F81-8171-01C30201F91B}"
EndProject
Project("{9A19103F-16F7-4668-BE54-9A1E7A4F7556}") = "TerritoryDefence.Wasm", "TerritoryDefence.Wasm\TerritoryDefence.Wasm.csproj", "{BF3DC95D-6207-45B3-89AE-ECB7749501E6}"
EndProject
Project("{9A19103F-16F7-4668-BE54-9A1E7A4F7556}") = "TerritoryDefence.Skia.Gtk", "TerritoryDefence.Skia.Gtk\TerritoryDefence.Skia.Gtk.csproj", "{8D6E4D94-F6EE-4E47-905C-7672B2C89023}"
EndProject
Project("{9A19103F-16F7-4668-BE54-9A1E7A4F7556}") = "TerritoryDefence.Skia.Wpf", "TerritoryDefence.Skia.WPF\TerritoryDefence.Skia.Wpf.csproj", "{365A6431-CDB6-40D2-9F25-C97378BFA427}"
EndProject
Project("{9A19103F-16F7-4668-BE54-9A1E7A4F7556}") = "TerritoryDefence.Skia.Linux.FrameBuffer", "TerritoryDefence.Skia.Linux.FrameBuffer\TerritoryDefence.Skia.Linux.FrameBuffer.csproj", "{E763679F-4F5F-443A-9043-5A6C91E2E141}"
EndProject
Global
	GlobalSection(SolutionConfigurationPlatforms) = preSolution
		Debug|Any CPU = Debug|Any CPU
		Debug|arm64 = Debug|arm64
		Debug|x64 = Debug|x64
		Debug|x86 = Debug|x86
		Release|Any CPU = Release|Any CPU
		Release|arm64 = Release|arm64
		Release|x64 = Release|x64
		Release|x86 = Release|x86
	EndGlobalSection
	GlobalSection(ProjectConfigurationPlatforms) = postSolution
		{04A23A93-55B9-43B6-BB6B-8F899B14DD9D}.Debug|Any CPU.ActiveCfg = Debug|Any CPU
		{04A23A93-55B9-43B6-BB6B-8F899B14DD9D}.Debug|Any CPU.Build.0 = Debug|Any CPU
		{04A23A93-55B9-43B6-BB6B-8F899B14DD9D}.Debug|arm64.ActiveCfg = Debug|Any CPU
		{04A23A93-55B9-43B6-BB6B-8F899B14DD9D}.Debug|arm64.Build.0 = Debug|Any CPU
		{04A23A93-55B9-43B6-BB6B-8F899B14DD9D}.Debug|x64.ActiveCfg = Debug|Any CPU
		{04A23A93-55B9-43B6-BB6B-8F899B14DD9D}.Debug|x64.Build.0 = Debug|Any CPU
		{04A23A93-55B9-43B6-BB6B-8F899B14DD9D}.Debug|x86.ActiveCfg = Debug|Any CPU
		{04A23A93-55B9-43B6-BB6B-8F899B14DD9D}.Debug|x86.Build.0 = Debug|Any CPU
		{04A23A93-55B9-43B6-BB6B-8F899B14DD9D}.Release|Any CPU.ActiveCfg = Release|Any CPU
		{04A23A93-55B9-43B6-BB6B-8F899B14DD9D}.Release|Any CPU.Build.0 = Release|Any CPU
		{04A23A93-55B9-43B6-BB6B-8F899B14DD9D}.Release|arm64.ActiveCfg = Release|Any CPU
		{04A23A93-55B9-43B6-BB6B-8F899B14DD9D}.Release|arm64.Build.0 = Release|Any CPU
		{04A23A93-55B9-43B6-BB6B-8F899B14DD9D}.Release|x64.ActiveCfg = Release|Any CPU
		{04A23A93-55B9-43B6-BB6B-8F899B14DD9D}.Release|x64.Build.0 = Release|Any CPU
		{04A23A93-55B9-43B6-BB6B-8F899B14DD9D}.Release|x86.ActiveCfg = Release|Any CPU
		{04A23A93-55B9-43B6-BB6B-8F899B14DD9D}.Release|x86.Build.0 = Release|Any CPU
		{46F4AA25-E850-4850-9F92-8E9CAF89BC99}.Debug|Any CPU.ActiveCfg = Debug|Any CPU
		{46F4AA25-E850-4850-9F92-8E9CAF89BC99}.Debug|Any CPU.Build.0 = Debug|Any CPU
		{46F4AA25-E850-4850-9F92-8E9CAF89BC99}.Debug|Any CPU.Deploy.0 = Debug|Any CPU
		{46F4AA25-E850-4850-9F92-8E9CAF89BC99}.Debug|arm64.ActiveCfg = Debug|Any CPU
		{46F4AA25-E850-4850-9F92-8E9CAF89BC99}.Debug|arm64.Build.0 = Debug|Any CPU
		{46F4AA25-E850-4850-9F92-8E9CAF89BC99}.Debug|arm64.Deploy.0 = Debug|Any CPU
		{46F4AA25-E850-4850-9F92-8E9CAF89BC99}.Debug|x64.ActiveCfg = Debug|Any CPU
		{46F4AA25-E850-4850-9F92-8E9CAF89BC99}.Debug|x64.Build.0 = Debug|Any CPU
		{46F4AA25-E850-4850-9F92-8E9CAF89BC99}.Debug|x64.Deploy.0 = Debug|Any CPU
		{46F4AA25-E850-4850-9F92-8E9CAF89BC99}.Debug|x86.ActiveCfg = Debug|Any CPU
		{46F4AA25-E850-4850-9F92-8E9CAF89BC99}.Debug|x86.Build.0 = Debug|Any CPU
		{46F4AA25-E850-4850-9F92-8E9CAF89BC99}.Debug|x86.Deploy.0 = Debug|Any CPU
		{46F4AA25-E850-4850-9F92-8E9CAF89BC99}.Release|Any CPU.ActiveCfg = Release|Any CPU
		{46F4AA25-E850-4850-9F92-8E9CAF89BC99}.Release|Any CPU.Build.0 = Release|Any CPU
		{46F4AA25-E850-4850-9F92-8E9CAF89BC99}.Release|Any CPU.Deploy.0 = Release|Any CPU
		{46F4AA25-E850-4850-9F92-8E9CAF89BC99}.Release|arm64.ActiveCfg = Release|Any CPU
		{46F4AA25-E850-4850-9F92-8E9CAF89BC99}.Release|arm64.Build.0 = Release|Any CPU
		{46F4AA25-E850-4850-9F92-8E9CAF89BC99}.Release|arm64.Deploy.0 = Release|Any CPU
		{46F4AA25-E850-4850-9F92-8E9CAF89BC99}.Release|x64.ActiveCfg = Release|Any CPU
		{46F4AA25-E850-4850-9F92-8E9CAF89BC99}.Release|x64.Build.0 = Release|Any CPU
		{46F4AA25-E850-4850-9F92-8E9CAF89BC99}.Release|x64.Deploy.0 = Release|Any CPU
		{46F4AA25-E850-4850-9F92-8E9CAF89BC99}.Release|x86.ActiveCfg = Release|Any CPU
		{46F4AA25-E850-4850-9F92-8E9CAF89BC99}.Release|x86.Build.0 = Release|Any CPU
		{46F4AA25-E850-4850-9F92-8E9CAF89BC99}.Release|x86.Deploy.0 = Release|Any CPU
		{DBB366ED-CCD0-4F81-8171-01C30201F91B}.Debug|Any CPU.ActiveCfg = Debug|x64
		{DBB366ED-CCD0-4F81-8171-01C30201F91B}.Debug|Any CPU.Build.0 = Debug|x64
		{DBB366ED-CCD0-4F81-8171-01C30201F91B}.Debug|Any CPU.Deploy.0 = Debug|x64
		{DBB366ED-CCD0-4F81-8171-01C30201F91B}.Debug|arm64.ActiveCfg = Debug|arm64
		{DBB366ED-CCD0-4F81-8171-01C30201F91B}.Debug|arm64.Build.0 = Debug|arm64
		{DBB366ED-CCD0-4F81-8171-01C30201F91B}.Debug|arm64.Deploy.0 = Debug|arm64
		{DBB366ED-CCD0-4F81-8171-01C30201F91B}.Debug|x64.ActiveCfg = Debug|x64
		{DBB366ED-CCD0-4F81-8171-01C30201F91B}.Debug|x64.Build.0 = Debug|x64
		{DBB366ED-CCD0-4F81-8171-01C30201F91B}.Debug|x64.Deploy.0 = Debug|x64
		{DBB366ED-CCD0-4F81-8171-01C30201F91B}.Debug|x86.ActiveCfg = Debug|x86
		{DBB366ED-CCD0-4F81-8171-01C30201F91B}.Debug|x86.Build.0 = Debug|x86
		{DBB366ED-CCD0-4F81-8171-01C30201F91B}.Debug|x86.Deploy.0 = Debug|x86
		{DBB366ED-CCD0-4F81-8171-01C30201F91B}.Release|Any CPU.ActiveCfg = Release|x64
		{DBB366ED-CCD0-4F81-8171-01C30201F91B}.Release|Any CPU.Build.0 = Release|x64
		{DBB366ED-CCD0-4F81-8171-01C30201F91B}.Release|Any CPU.Deploy.0 = Release|x64
		{DBB366ED-CCD0-4F81-8171-01C30201F91B}.Release|arm64.ActiveCfg = Release|arm64
		{DBB366ED-CCD0-4F81-8171-01C30201F91B}.Release|arm64.Build.0 = Release|arm64
		{DBB366ED-CCD0-4F81-8171-01C30201F91B}.Release|arm64.Deploy.0 = Release|arm64
		{DBB366ED-CCD0-4F81-8171-01C30201F91B}.Release|x64.ActiveCfg = Release|x64
		{DBB366ED-CCD0-4F81-8171-01C30201F91B}.Release|x64.Build.0 = Release|x64
		{DBB366ED-CCD0-4F81-8171-01C30201F91B}.Release|x64.Deploy.0 = Release|x64
		{DBB366ED-CCD0-4F81-8171-01C30201F91B}.Release|x86.ActiveCfg = Release|x86
		{DBB366ED-CCD0-4F81-8171-01C30201F91B}.Release|x86.Build.0 = Release|x86
		{DBB366ED-CCD0-4F81-8171-01C30201F91B}.Release|x86.Deploy.0 = Release|x86
		{BF3DC95D-6207-45B3-89AE-ECB7749501E6}.Debug|Any CPU.ActiveCfg = Debug|Any CPU
		{BF3DC95D-6207-45B3-89AE-ECB7749501E6}.Debug|Any CPU.Build.0 = Debug|Any CPU
		{BF3DC95D-6207-45B3-89AE-ECB7749501E6}.Debug|arm64.ActiveCfg = Debug|Any CPU
		{BF3DC95D-6207-45B3-89AE-ECB7749501E6}.Debug|arm64.Build.0 = Debug|Any CPU
		{BF3DC95D-6207-45B3-89AE-ECB7749501E6}.Debug|x64.ActiveCfg = Debug|Any CPU
		{BF3DC95D-6207-45B3-89AE-ECB7749501E6}.Debug|x64.Build.0 = Debug|Any CPU
		{BF3DC95D-6207-45B3-89AE-ECB7749501E6}.Debug|x86.ActiveCfg = Debug|Any CPU
		{BF3DC95D-6207-45B3-89AE-ECB7749501E6}.Debug|x86.Build.0 = Debug|Any CPU
		{BF3DC95D-6207-45B3-89AE-ECB7749501E6}.Release|Any CPU.ActiveCfg = Release|Any CPU
		{BF3DC95D-6207-45B3-89AE-ECB7749501E6}.Release|Any CPU.Build.0 = Release|Any CPU
		{BF3DC95D-6207-45B3-89AE-ECB7749501E6}.Release|arm64.ActiveCfg = Release|Any CPU
		{BF3DC95D-6207-45B3-89AE-ECB7749501E6}.Release|arm64.Build.0 = Release|Any CPU
		{BF3DC95D-6207-45B3-89AE-ECB7749501E6}.Release|x64.ActiveCfg = Release|Any CPU
		{BF3DC95D-6207-45B3-89AE-ECB7749501E6}.Release|x64.Build.0 = Release|Any CPU
		{BF3DC95D-6207-45B3-89AE-ECB7749501E6}.Release|x86.ActiveCfg = Release|Any CPU
		{BF3DC95D-6207-45B3-89AE-ECB7749501E6}.Release|x86.Build.0 = Release|Any CPU
		{8D6E4D94-F6EE-4E47-905C-7672B2C89023}.Debug|Any CPU.ActiveCfg = Debug|Any CPU
		{8D6E4D94-F6EE-4E47-905C-7672B2C89023}.Debug|Any CPU.Build.0 = Debug|Any CPU
		{8D6E4D94-F6EE-4E47-905C-7672B2C89023}.Debug|arm64.ActiveCfg = Debug|Any CPU
		{8D6E4D94-F6EE-4E47-905C-7672B2C89023}.Debug|arm64.Build.0 = Debug|Any CPU
		{8D6E4D94-F6EE-4E47-905C-7672B2C89023}.Debug|x64.ActiveCfg = Debug|Any CPU
		{8D6E4D94-F6EE-4E47-905C-7672B2C89023}.Debug|x64.Build.0 = Debug|Any CPU
		{8D6E4D94-F6EE-4E47-905C-7672B2C89023}.Debug|x86.ActiveCfg = Debug|Any CPU
		{8D6E4D94-F6EE-4E47-905C-7672B2C89023}.Debug|x86.Build.0 = Debug|Any CPU
		{8D6E4D94-F6EE-4E47-905C-7672B2C89023}.Release|Any CPU.ActiveCfg = Release|Any CPU
		{8D6E4D94-F6EE-4E47-905C-7672B2C89023}.Release|Any CPU.Build.0 = Release|Any CPU
		{8D6E4D94-F6EE-4E47-905C-7672B2C89023}.Release|arm64.ActiveCfg = Release|Any CPU
		{8D6E4D94-F6EE-4E47-905C-7672B2C89023}.Release|arm64.Build.0 = Release|Any CPU
		{8D6E4D94-F6EE-4E47-905C-7672B2C89023}.Release|x64.ActiveCfg = Release|Any CPU
		{8D6E4D94-F6EE-4E47-905C-7672B2C89023}.Release|x64.Build.0 = Release|Any CPU
		{8D6E4D94-F6EE-4E47-905C-7672B2C89023}.Release|x86.ActiveCfg = Release|Any CPU
		{8D6E4D94-F6EE-4E47-905C-7672B2C89023}.Release|x86.Build.0 = Release|Any CPU
		{365A6431-CDB6-40D2-9F25-C97378BFA427}.Debug|Any CPU.ActiveCfg = Debug|Any CPU
		{365A6431-CDB6-40D2-9F25-C97378BFA427}.Debug|Any CPU.Build.0 = Debug|Any CPU
		{365A6431-CDB6-40D2-9F25-C97378BFA427}.Debug|arm64.ActiveCfg = Debug|Any CPU
		{365A6431-CDB6-40D2-9F25-C97378BFA427}.Debug|arm64.Build.0 = Debug|Any CPU
		{365A6431-CDB6-40D2-9F25-C97378BFA427}.Debug|x64.ActiveCfg = Debug|Any CPU
		{365A6431-CDB6-40D2-9F25-C97378BFA427}.Debug|x64.Build.0 = Debug|Any CPU
		{365A6431-CDB6-40D2-9F25-C97378BFA427}.Debug|x86.ActiveCfg = Debug|Any CPU
		{365A6431-CDB6-40D2-9F25-C97378BFA427}.Debug|x86.Build.0 = Debug|Any CPU
		{365A6431-CDB6-40D2-9F25-C97378BFA427}.Release|Any CPU.ActiveCfg = Release|Any CPU
		{365A6431-CDB6-40D2-9F25-C97378BFA427}.Release|Any CPU.Build.0 = Release|Any CPU
		{365A6431-CDB6-40D2-9F25-C97378BFA427}.Release|arm64.ActiveCfg = Release|Any CPU
		{365A6431-CDB6-40D2-9F25-C97378BFA427}.Release|arm64.Build.0 = Release|Any CPU
		{365A6431-CDB6-40D2-9F25-C97378BFA427}.Release|x64.ActiveCfg = Release|Any CPU
		{365A6431-CDB6-40D2-9F25-C97378BFA427}.Release|x64.Build.0 = Release|Any CPU
		{365A6431-CDB6-40D2-9F25-C97378BFA427}.Release|x86.ActiveCfg = Release|Any CPU
		{365A6431-CDB6-40D2-9F25-C97378BFA427}.Release|x86.Build.0 = Release|Any CPU
		{E763679F-4F5F-443A-9043-5A6C91E2E141}.Debug|Any CPU.ActiveCfg = Debug|Any CPU
		{E763679F-4F5F-443A-9043-5A6C91E2E141}.Debug|Any CPU.Build.0 = Debug|Any CPU
		{E763679F-4F5F-443A-9043-5A6C91E2E141}.Debug|arm64.ActiveCfg = Debug|Any CPU
		{E763679F-4F5F-443A-9043-5A6C91E2E141}.Debug|arm64.Build.0 = Debug|Any CPU
		{E763679F-4F5F-443A-9043-5A6C91E2E141}.Debug|x64.ActiveCfg = Debug|Any CPU
		{E763679F-4F5F-443A-9043-5A6C91E2E141}.Debug|x64.Build.0 = Debug|Any CPU
		{E763679F-4F5F-443A-9043-5A6C91E2E141}.Debug|x86.ActiveCfg = Debug|Any CPU
		{E763679F-4F5F-443A-9043-5A6C91E2E141}.Debug|x86.Build.0 = Debug|Any CPU
		{E763679F-4F5F-443A-9043-5A6C91E2E141}.Release|Any CPU.ActiveCfg = Release|Any CPU
		{E763679F-4F5F-443A-9043-5A6C91E2E141}.Release|Any CPU.Build.0 = Release|Any CPU
		{E763679F-4F5F-443A-9043-5A6C91E2E141}.Release|arm64.ActiveCfg = Release|Any CPU
		{E763679F-4F5F-443A-9043-5A6C91E2E141}.Release|arm64.Build.0 = Release|Any CPU
		{E763679F-4F5F-443A-9043-5A6C91E2E141}.Release|x64.ActiveCfg = Release|Any CPU
		{E763679F-4F5F-443A-9043-5A6C91E2E141}.Release|x64.Build.0 = Release|Any CPU
		{E763679F-4F5F-443A-9043-5A6C91E2E141}.Release|x86.ActiveCfg = Release|Any CPU
		{E763679F-4F5F-443A-9043-5A6C91E2E141}.Release|x86.Build.0 = Release|Any CPU
	EndGlobalSection
	GlobalSection(SolutionProperties) = preSolution
		HideSolutionNode = FALSE
	EndGlobalSection
	GlobalSection(NestedProjects) = preSolution
		{C4ACC57C-B5FE-43E0-862B-C8091E76D079} = {B2B43B0E-B80D-4CAE-8E50-65DAAB75F1A2}
		{04A23A93-55B9-43B6-BB6B-8F899B14DD9D} = {B2B43B0E-B80D-4CAE-8E50-65DAAB75F1A2}
		{46F4AA25-E850-4850-9F92-8E9CAF89BC99} = {C4ACC57C-B5FE-43E0-862B-C8091E76D079}
		{DBB366ED-CCD0-4F81-8171-01C30201F91B} = {C4ACC57C-B5FE-43E0-862B-C8091E76D079}
		{BF3DC95D-6207-45B3-89AE-ECB7749501E6} = {C4ACC57C-B5FE-43E0-862B-C8091E76D079}
		{8D6E4D94-F6EE-4E47-905C-7672B2C89023} = {C4ACC57C-B5FE-43E0-862B-C8091E76D079}
		{365A6431-CDB6-40D2-9F25-C97378BFA427} = {C4ACC57C-B5FE-43E0-862B-C8091E76D079}
		{E763679F-4F5F-443A-9043-5A6C91E2E141} = {C4ACC57C-B5FE-43E0-862B-C8091E76D079}
	EndGlobalSection
	GlobalSection(ExtensibilityGlobals) = postSolution
		SolutionGuid = {925CC2D9-D9C9-4CBE-AEBB-AFA759F1CF5E}
	EndGlobalSection
EndGlobal
