
Microsoft Visual Studio Solution File, Format Version 12.00
# Visual Studio Version 17
VisualStudioVersion = 17.11.34909.67
MinimumVisualStudioVersion = 10.0.40219.1
Project("{FAE04EC0-301F-11D3-BF4B-00C04F79EFBC}") = "Shmyndra", "Shmyndra\Shmyndra.csproj", "{9B73230D-BAE4-437B-8032-1226B5F2ED60}"
EndProject
Project("{FAE04EC0-301F-11D3-BF4B-00C04F79EFBC}") = "Shmyndra.MauiControls", "Shmyndra.MauiControls\Shmyndra.MauiControls.csproj", "{9E019B64-6AFE-4D3F-9310-8AD2BD6639FA}"
EndProject
Project("{2150E333-8FDC-42A3-9474-1A3956D46DE8}") = "Tests", "Tests", "{545CEB1D-C3A3-403A-817E-9654D243D566}"
EndProject
Project("{9A19103F-16F7-4668-BE54-9A1E7A4F7556}") = "Shmyndra.UITests", "Shmyndra.UITests\Shmyndra.UITests.csproj", "{A1B58281-7C1F-43C5-A202-FC534E70C7D9}"
EndProject
Project("{9A19103F-16F7-4668-BE54-9A1E7A4F7556}") = "Shmyndra.Tests", "Shmyndra.Tests\Shmyndra.Tests.csproj", "{BC164621-CF61-49A5-B074-1AD35DDB2292}"
EndProject
Project("{2150E333-8FDC-42A3-9474-1A3956D46DE8}") = "Solution Items", "Solution Items", "{107DAC03-09F4-4812-9C7A-8FE5E789DB6C}"
	ProjectSection(SolutionItems) = preProject
		.gitignore = .gitignore
		Directory.Build.props = Directory.Build.props
		Directory.Build.targets = Directory.Build.targets
		Directory.Packages.props = Directory.Packages.props
		global.json = global.json
	EndProjectSection
EndProject
Global
	GlobalSection(SolutionConfigurationPlatforms) = preSolution
		Debug|Any CPU = Debug|Any CPU
		Release|Any CPU = Release|Any CPU
	EndGlobalSection
	GlobalSection(ProjectConfigurationPlatforms) = postSolution
		{9B73230D-BAE4-437B-8032-1226B5F2ED60}.Debug|Any CPU.ActiveCfg = Debug|Any CPU
		{9B73230D-BAE4-437B-8032-1226B5F2ED60}.Debug|Any CPU.Build.0 = Debug|Any CPU
		{9B73230D-BAE4-437B-8032-1226B5F2ED60}.Debug|Any CPU.Deploy.0 = Debug|Any CPU
		{9B73230D-BAE4-437B-8032-1226B5F2ED60}.Release|Any CPU.ActiveCfg = Release|Any CPU
		{9B73230D-BAE4-437B-8032-1226B5F2ED60}.Release|Any CPU.Build.0 = Release|Any CPU
		{9B73230D-BAE4-437B-8032-1226B5F2ED60}.Release|Any CPU.Deploy.0 = Release|Any CPU
		{9E019B64-6AFE-4D3F-9310-8AD2BD6639FA}.Debug|Any CPU.ActiveCfg = Debug|Any CPU
		{9E019B64-6AFE-4D3F-9310-8AD2BD6639FA}.Debug|Any CPU.Build.0 = Debug|Any CPU
		{9E019B64-6AFE-4D3F-9310-8AD2BD6639FA}.Debug|Any CPU.Deploy.0 = Debug|Any CPU
		{9E019B64-6AFE-4D3F-9310-8AD2BD6639FA}.Release|Any CPU.ActiveCfg = Release|Any CPU
		{9E019B64-6AFE-4D3F-9310-8AD2BD6639FA}.Release|Any CPU.Build.0 = Release|Any CPU
		{9E019B64-6AFE-4D3F-9310-8AD2BD6639FA}.Release|Any CPU.Deploy.0 = Release|Any CPU
		{A1B58281-7C1F-43C5-A202-FC534E70C7D9}.Debug|Any CPU.ActiveCfg = Debug|Any CPU
		{A1B58281-7C1F-43C5-A202-FC534E70C7D9}.Debug|Any CPU.Build.0 = Debug|Any CPU
		{A1B58281-7C1F-43C5-A202-FC534E70C7D9}.Debug|Any CPU.Deploy.0 = Debug|Any CPU
		{A1B58281-7C1F-43C5-A202-FC534E70C7D9}.Release|Any CPU.ActiveCfg = Release|Any CPU
		{A1B58281-7C1F-43C5-A202-FC534E70C7D9}.Release|Any CPU.Build.0 = Release|Any CPU
		{A1B58281-7C1F-43C5-A202-FC534E70C7D9}.Release|Any CPU.Deploy.0 = Release|Any CPU
		{BC164621-CF61-49A5-B074-1AD35DDB2292}.Debug|Any CPU.ActiveCfg = Debug|Any CPU
		{BC164621-CF61-49A5-B074-1AD35DDB2292}.Debug|Any CPU.Build.0 = Debug|Any CPU
		{BC164621-CF61-49A5-B074-1AD35DDB2292}.Debug|Any CPU.Deploy.0 = Debug|Any CPU
		{BC164621-CF61-49A5-B074-1AD35DDB2292}.Release|Any CPU.ActiveCfg = Release|Any CPU
		{BC164621-CF61-49A5-B074-1AD35DDB2292}.Release|Any CPU.Build.0 = Release|Any CPU
		{BC164621-CF61-49A5-B074-1AD35DDB2292}.Release|Any CPU.Deploy.0 = Release|Any CPU
	EndGlobalSection
	GlobalSection(SolutionProperties) = preSolution
		HideSolutionNode = FALSE
	EndGlobalSection
	GlobalSection(NestedProjects) = preSolution
		{A1B58281-7C1F-43C5-A202-FC534E70C7D9} = {545CEB1D-C3A3-403A-817E-9654D243D566}
		{BC164621-CF61-49A5-B074-1AD35DDB2292} = {545CEB1D-C3A3-403A-817E-9654D243D566}
	EndGlobalSection
	GlobalSection(ExtensibilityGlobals) = postSolution
		SolutionGuid = {FDD5AE1F-41B4-4648-87EE-316B2F61B4AB}
	EndGlobalSection
EndGlobal
