
Microsoft Visual Studio Solution File, Format Version 12.00
# Visual Studio Version 18
VisualStudioVersion = 18.0.11123.170
MinimumVisualStudioVersion = 10.0.40219.1
Project("{2150E333-8FDC-42A3-9474-1A3956D46DE8}") = "Solution Items", "Solution Items", "{2ABC6460-2DF6-4827-BE09-89A6020E8D04}"
	ProjectSection(SolutionItems) = preProject
		Directory.Build.props = Directory.Build.props
		Directory.Build.targets = Directory.Build.targets
		Directory.Packages.props = Directory.Packages.props
		PolySharp.targets = PolySharp.targets
	EndProjectSection
EndProject
Project("{FAE04EC0-301F-11D3-BF4B-00C04F79EFBC}") = "Mavlink.Protocol", "Mavlink.Protocol\Mavlink.Protocol.csproj", "{FF71A417-2356-644A-04F1-4B95DD235E5F}"
EndProject
Project("{FAE04EC0-301F-11D3-BF4B-00C04F79EFBC}") = "Mavlink.Protocol.Generator", "Mavlink.Protocol.Generator\Mavlink.Protocol.Generator.csproj", "{7BE92373-0D92-919D-9736-CDE857C2C38A}"
EndProject
Project("{FAE04EC0-301F-11D3-BF4B-00C04F79EFBC}") = "Mavlink.Protocol.Generator.Tests", "Mavlink.Protocol.Generator.Tests\Mavlink.Protocol.Generator.Tests.csproj", "{632CE8D9-5510-6FB2-2027-D6122D6AC0FA}"
EndProject
Project("{FAE04EC0-301F-11D3-BF4B-00C04F79EFBC}") = "Shmyndra.Mavlink", "Shmyndra.Mavlink\Shmyndra.Mavlink.csproj", "{7FC95F61-14D8-AD18-1319-F460BF48DCB1}"
EndProject
Project("{FAE04EC0-301F-11D3-BF4B-00C04F79EFBC}") = "Shmyndra.Mavlink.Protocol.v3_0", "Shmyndra.Mavlink.Protocol.v3_0\Shmyndra.Mavlink.Protocol.v3_0.csproj", "{E976BDBB-210C-8D9C-B580-A46AC74CD3CE}"
EndProject
Project("{FAE04EC0-301F-11D3-BF4B-00C04F79EFBC}") = "Shmyndra.Mavlink.Protocol.v3_0.Tests", "Shmyndra.Mavlink.Protocol.v3_0.Tests\Shmyndra.Mavlink.Protocol.v3_0.Tests.csproj", "{A2495D11-2DAA-6986-FE37-97BC92575D49}"
EndProject
Global
	GlobalSection(SolutionConfigurationPlatforms) = preSolution
		Debug|Any CPU = Debug|Any CPU
		Release|Any CPU = Release|Any CPU
	EndGlobalSection
	GlobalSection(ProjectConfigurationPlatforms) = postSolution
		{FF71A417-2356-644A-04F1-4B95DD235E5F}.Debug|Any CPU.ActiveCfg = Debug|Any CPU
		{FF71A417-2356-644A-04F1-4B95DD235E5F}.Debug|Any CPU.Build.0 = Debug|Any CPU
		{FF71A417-2356-644A-04F1-4B95DD235E5F}.Release|Any CPU.ActiveCfg = Release|Any CPU
		{FF71A417-2356-644A-04F1-4B95DD235E5F}.Release|Any CPU.Build.0 = Release|Any CPU
		{7BE92373-0D92-919D-9736-CDE857C2C38A}.Debug|Any CPU.ActiveCfg = Debug|Any CPU
		{7BE92373-0D92-919D-9736-CDE857C2C38A}.Debug|Any CPU.Build.0 = Debug|Any CPU
		{7BE92373-0D92-919D-9736-CDE857C2C38A}.Release|Any CPU.ActiveCfg = Release|Any CPU
		{7BE92373-0D92-919D-9736-CDE857C2C38A}.Release|Any CPU.Build.0 = Release|Any CPU
		{632CE8D9-5510-6FB2-2027-D6122D6AC0FA}.Debug|Any CPU.ActiveCfg = Debug|Any CPU
		{632CE8D9-5510-6FB2-2027-D6122D6AC0FA}.Debug|Any CPU.Build.0 = Debug|Any CPU
		{632CE8D9-5510-6FB2-2027-D6122D6AC0FA}.Release|Any CPU.ActiveCfg = Release|Any CPU
		{632CE8D9-5510-6FB2-2027-D6122D6AC0FA}.Release|Any CPU.Build.0 = Release|Any CPU
		{7FC95F61-14D8-AD18-1319-F460BF48DCB1}.Debug|Any CPU.ActiveCfg = Debug|Any CPU
		{7FC95F61-14D8-AD18-1319-F460BF48DCB1}.Debug|Any CPU.Build.0 = Debug|Any CPU
		{7FC95F61-14D8-AD18-1319-F460BF48DCB1}.Release|Any CPU.ActiveCfg = Release|Any CPU
		{7FC95F61-14D8-AD18-1319-F460BF48DCB1}.Release|Any CPU.Build.0 = Release|Any CPU
		{E976BDBB-210C-8D9C-B580-A46AC74CD3CE}.Debug|Any CPU.ActiveCfg = Debug|Any CPU
		{E976BDBB-210C-8D9C-B580-A46AC74CD3CE}.Debug|Any CPU.Build.0 = Debug|Any CPU
		{E976BDBB-210C-8D9C-B580-A46AC74CD3CE}.Release|Any CPU.ActiveCfg = Release|Any CPU
		{E976BDBB-210C-8D9C-B580-A46AC74CD3CE}.Release|Any CPU.Build.0 = Release|Any CPU
		{A2495D11-2DAA-6986-FE37-97BC92575D49}.Debug|Any CPU.ActiveCfg = Debug|Any CPU
		{A2495D11-2DAA-6986-FE37-97BC92575D49}.Debug|Any CPU.Build.0 = Debug|Any CPU
		{A2495D11-2DAA-6986-FE37-97BC92575D49}.Release|Any CPU.ActiveCfg = Release|Any CPU
		{A2495D11-2DAA-6986-FE37-97BC92575D49}.Release|Any CPU.Build.0 = Release|Any CPU
	EndGlobalSection
	GlobalSection(SolutionProperties) = preSolution
		HideSolutionNode = FALSE
	EndGlobalSection
	GlobalSection(ExtensibilityGlobals) = postSolution
		SolutionGuid = {925CC2D9-D9C9-4CBE-AEBB-AFA759F1CF5E}
	EndGlobalSection
EndGlobal
