
Microsoft Visual Studio Solution File, Format Version 12.00
# Visual Studio Version 17
VisualStudioVersion = 17.7.33808.371
MinimumVisualStudioVersion = 10.0.40219.1
Project("{2150E333-8FDC-42A3-9474-1A3956D46DE8}") = "mavlink", "mavlink", "{6AB13417-C239-4754-B583-6644C50A9D4E}"
EndProject
Project("{9A19103F-16F7-4668-BE54-9A1E7A4F7556}") = "Shmyndra.Mavlink.Protocol.v3_0", "mavlink\Shmyndra.Mavlink.Protocol.v3_0\Shmyndra.Mavlink.Protocol.v3_0.csproj", "{B3C96638-9981-4D74-A969-B765673AB5F4}"
EndProject
Project("{2150E333-8FDC-42A3-9474-1A3956D46DE8}") = "shared", "shared", "{2ABC6460-2DF6-4827-BE09-89A6020E8D04}"
	ProjectSection(SolutionItems) = preProject
		Directory.Build.props = Directory.Build.props
		Directory.Build.targets = Directory.Build.targets
		Directory.Packages.props = Directory.Packages.props
		PolySharp.Shared.targets = PolySharp.Shared.targets
	EndProjectSection
EndProject
Project("{9A19103F-16F7-4668-BE54-9A1E7A4F7556}") = "Shmyndra.Mavlink", "mavlink\Shmyndra.Mavlink\Shmyndra.Mavlink.csproj", "{0E997B51-A9D4-411A-AC0A-518B4D121637}"
EndProject
Project("{9A19103F-16F7-4668-BE54-9A1E7A4F7556}") = "Shmyndra.Mavlink.Generator", "mavlink\Shmyndra.Mavlink.Generator\Shmyndra.Mavlink.Generator.csproj", "{C85DE7C5-E67F-4052-B6C0-9E0BFF04F9F0}"
EndProject
Project("{9A19103F-16F7-4668-BE54-9A1E7A4F7556}") = "Shmyndra.Mavlink.Generator.Tests", "mavlink\Shmyndra.Mavlink.Generator.Tests\Shmyndra.Mavlink.Generator.Tests.csproj", "{7E3686DE-63A3-4342-A219-DC71137BF850}"
EndProject
Project("{9A19103F-16F7-4668-BE54-9A1E7A4F7556}") = "Shmyndra.Mavlink.Proxy.ConsoleApp", "mavlink\Shmyndra.Mavlink.Proxy.ConsoleApp\Shmyndra.Mavlink.Proxy.ConsoleApp.csproj", "{78F852AD-1756-46EB-AFB9-613D294A212B}"
EndProject
Project("{9A19103F-16F7-4668-BE54-9A1E7A4F7556}") = "Shmyndra.Mavlink.Protocol.v3_0.Tests", "mavlink\Shmyndra.Mavlink.Protocol.v3_0.Tests\Shmyndra.Mavlink.Protocol.v3_0.Tests.csproj", "{1712CE07-3ABA-4876-803D-F3891988E00E}"
EndProject
Project("{FAE04EC0-301F-11D3-BF4B-00C04F79EFBC}") = "Shmyndra.Mavlink.V1", "mavlink\Shmyndra.Mavlink.V1\Shmyndra.Mavlink.V1.csproj", "{37568044-D29A-474A-8ED4-7A4F11E1A4C9}"
EndProject
Project("{FAE04EC0-301F-11D3-BF4B-00C04F79EFBC}") = "Shmyndra.Mavlink.V2", "mavlink\Shmyndra.Mavlink.V2\Shmyndra.Mavlink.V2.csproj", "{7B780D42-8BB0-4CF2-8B32-3D6FF63F670D}"
EndProject
Global
	GlobalSection(SolutionConfigurationPlatforms) = preSolution
		Debug|Any CPU = Debug|Any CPU
		Release|Any CPU = Release|Any CPU
	EndGlobalSection
	GlobalSection(ProjectConfigurationPlatforms) = postSolution
		{B3C96638-9981-4D74-A969-B765673AB5F4}.Debug|Any CPU.ActiveCfg = Debug|Any CPU
		{B3C96638-9981-4D74-A969-B765673AB5F4}.Debug|Any CPU.Build.0 = Debug|Any CPU
		{B3C96638-9981-4D74-A969-B765673AB5F4}.Release|Any CPU.ActiveCfg = Release|Any CPU
		{B3C96638-9981-4D74-A969-B765673AB5F4}.Release|Any CPU.Build.0 = Release|Any CPU
		{0E997B51-A9D4-411A-AC0A-518B4D121637}.Debug|Any CPU.ActiveCfg = Debug|Any CPU
		{0E997B51-A9D4-411A-AC0A-518B4D121637}.Debug|Any CPU.Build.0 = Debug|Any CPU
		{0E997B51-A9D4-411A-AC0A-518B4D121637}.Release|Any CPU.ActiveCfg = Release|Any CPU
		{0E997B51-A9D4-411A-AC0A-518B4D121637}.Release|Any CPU.Build.0 = Release|Any CPU
		{C85DE7C5-E67F-4052-B6C0-9E0BFF04F9F0}.Debug|Any CPU.ActiveCfg = Debug|Any CPU
		{C85DE7C5-E67F-4052-B6C0-9E0BFF04F9F0}.Debug|Any CPU.Build.0 = Debug|Any CPU
		{C85DE7C5-E67F-4052-B6C0-9E0BFF04F9F0}.Release|Any CPU.ActiveCfg = Release|Any CPU
		{C85DE7C5-E67F-4052-B6C0-9E0BFF04F9F0}.Release|Any CPU.Build.0 = Release|Any CPU
		{7E3686DE-63A3-4342-A219-DC71137BF850}.Debug|Any CPU.ActiveCfg = Debug|Any CPU
		{7E3686DE-63A3-4342-A219-DC71137BF850}.Debug|Any CPU.Build.0 = Debug|Any CPU
		{7E3686DE-63A3-4342-A219-DC71137BF850}.Release|Any CPU.ActiveCfg = Release|Any CPU
		{7E3686DE-63A3-4342-A219-DC71137BF850}.Release|Any CPU.Build.0 = Release|Any CPU
		{78F852AD-1756-46EB-AFB9-613D294A212B}.Debug|Any CPU.ActiveCfg = Debug|Any CPU
		{78F852AD-1756-46EB-AFB9-613D294A212B}.Debug|Any CPU.Build.0 = Debug|Any CPU
		{78F852AD-1756-46EB-AFB9-613D294A212B}.Release|Any CPU.ActiveCfg = Release|Any CPU
		{78F852AD-1756-46EB-AFB9-613D294A212B}.Release|Any CPU.Build.0 = Release|Any CPU
		{1712CE07-3ABA-4876-803D-F3891988E00E}.Debug|Any CPU.ActiveCfg = Debug|Any CPU
		{1712CE07-3ABA-4876-803D-F3891988E00E}.Debug|Any CPU.Build.0 = Debug|Any CPU
		{1712CE07-3ABA-4876-803D-F3891988E00E}.Release|Any CPU.ActiveCfg = Release|Any CPU
		{1712CE07-3ABA-4876-803D-F3891988E00E}.Release|Any CPU.Build.0 = Release|Any CPU
		{37568044-D29A-474A-8ED4-7A4F11E1A4C9}.Debug|Any CPU.ActiveCfg = Debug|Any CPU
		{37568044-D29A-474A-8ED4-7A4F11E1A4C9}.Debug|Any CPU.Build.0 = Debug|Any CPU
		{37568044-D29A-474A-8ED4-7A4F11E1A4C9}.Release|Any CPU.ActiveCfg = Release|Any CPU
		{37568044-D29A-474A-8ED4-7A4F11E1A4C9}.Release|Any CPU.Build.0 = Release|Any CPU
		{7B780D42-8BB0-4CF2-8B32-3D6FF63F670D}.Debug|Any CPU.ActiveCfg = Debug|Any CPU
		{7B780D42-8BB0-4CF2-8B32-3D6FF63F670D}.Debug|Any CPU.Build.0 = Debug|Any CPU
		{7B780D42-8BB0-4CF2-8B32-3D6FF63F670D}.Release|Any CPU.ActiveCfg = Release|Any CPU
		{7B780D42-8BB0-4CF2-8B32-3D6FF63F670D}.Release|Any CPU.Build.0 = Release|Any CPU
	EndGlobalSection
	GlobalSection(SolutionProperties) = preSolution
		HideSolutionNode = FALSE
	EndGlobalSection
	GlobalSection(NestedProjects) = preSolution
		{B3C96638-9981-4D74-A969-B765673AB5F4} = {6AB13417-C239-4754-B583-6644C50A9D4E}
		{0E997B51-A9D4-411A-AC0A-518B4D121637} = {6AB13417-C239-4754-B583-6644C50A9D4E}
		{C85DE7C5-E67F-4052-B6C0-9E0BFF04F9F0} = {6AB13417-C239-4754-B583-6644C50A9D4E}
		{7E3686DE-63A3-4342-A219-DC71137BF850} = {6AB13417-C239-4754-B583-6644C50A9D4E}
		{78F852AD-1756-46EB-AFB9-613D294A212B} = {6AB13417-C239-4754-B583-6644C50A9D4E}
		{1712CE07-3ABA-4876-803D-F3891988E00E} = {6AB13417-C239-4754-B583-6644C50A9D4E}
		{37568044-D29A-474A-8ED4-7A4F11E1A4C9} = {6AB13417-C239-4754-B583-6644C50A9D4E}
		{7B780D42-8BB0-4CF2-8B32-3D6FF63F670D} = {6AB13417-C239-4754-B583-6644C50A9D4E}
	EndGlobalSection
	GlobalSection(ExtensibilityGlobals) = postSolution
		SolutionGuid = {925CC2D9-D9C9-4CBE-AEBB-AFA759F1CF5E}
	EndGlobalSection
EndGlobal
